
Microsoft Visual Studio Solution File, Format Version 12.00
# Visual Studio Version 16
VisualStudioVersion = 16.0.30225.117
MinimumVisualStudioVersion = 10.0.40219.1
Project("{FAE04EC0-301F-11D3-BF4B-00C04F79EFBC}") = "MiCalculadora", "MiCalculadora\MiCalculadora.csproj", "{3134965A-CACE-400B-971C-99911C65A05A}"
EndProject
Project("{FAE04EC0-301F-11D3-BF4B-00C04F79EFBC}") = "BibliotecaEntidades", "BibliotecaEntidades\BibliotecaEntidades.csproj", "{B042E14E-FDCD-4D63-B838-AB93D1B7FFDF}"
EndProject
Global
	GlobalSection(SolutionConfigurationPlatforms) = preSolution
		Debug|Any CPU = Debug|Any CPU
		Release|Any CPU = Release|Any CPU
	EndGlobalSection
	GlobalSection(ProjectConfigurationPlatforms) = postSolution
		{3134965A-CACE-400B-971C-99911C65A05A}.Debug|Any CPU.ActiveCfg = Debug|Any CPU
		{3134965A-CACE-400B-971C-99911C65A05A}.Debug|Any CPU.Build.0 = Debug|Any CPU
		{3134965A-CACE-400B-971C-99911C65A05A}.Release|Any CPU.ActiveCfg = Release|Any CPU
		{3134965A-CACE-400B-971C-99911C65A05A}.Release|Any CPU.Build.0 = Release|Any CPU
		{B042E14E-FDCD-4D63-B838-AB93D1B7FFDF}.Debug|Any CPU.ActiveCfg = Debug|Any CPU
		{B042E14E-FDCD-4D63-B838-AB93D1B7FFDF}.Debug|Any CPU.Build.0 = Debug|Any CPU
		{B042E14E-FDCD-4D63-B838-AB93D1B7FFDF}.Release|Any CPU.ActiveCfg = Release|Any CPU
		{B042E14E-FDCD-4D63-B838-AB93D1B7FFDF}.Release|Any CPU.Build.0 = Release|Any CPU
	EndGlobalSection
	GlobalSection(SolutionProperties) = preSolution
		HideSolutionNode = FALSE
	EndGlobalSection
	GlobalSection(ExtensibilityGlobals) = postSolution
		SolutionGuid = {D50ED414-421F-4DAC-845F-3B2F3F91D35D}
	EndGlobalSection
EndGlobal
